
Microsoft Visual Studio Solution File, Format Version 12.00
# Visual Studio Version 17
VisualStudioVersion = 17.5.33516.290
MinimumVisualStudioVersion = 10.0.40219.1
Project("{FAE04EC0-301F-11D3-BF4B-00C04F79EFBC}") = "UniCine_JulioF", "UniCine_JulioF\UniCine_JulioF.csproj", "{65417DCD-DDC7-40F1-900C-E35A61DB9111}"
EndProject
Global
	GlobalSection(SolutionConfigurationPlatforms) = preSolution
		Debug|Any CPU = Debug|Any CPU
		Release|Any CPU = Release|Any CPU
	EndGlobalSection
	GlobalSection(ProjectConfigurationPlatforms) = postSolution
		{65417DCD-DDC7-40F1-900C-E35A61DB9111}.Debug|Any CPU.ActiveCfg = Debug|Any CPU
		{65417DCD-DDC7-40F1-900C-E35A61DB9111}.Debug|Any CPU.Build.0 = Debug|Any CPU
		{65417DCD-DDC7-40F1-900C-E35A61DB9111}.Release|Any CPU.ActiveCfg = Release|Any CPU
		{65417DCD-DDC7-40F1-900C-E35A61DB9111}.Release|Any CPU.Build.0 = Release|Any CPU
	EndGlobalSection
	GlobalSection(SolutionProperties) = preSolution
		HideSolutionNode = FALSE
	EndGlobalSection
	GlobalSection(ExtensibilityGlobals) = postSolution
		SolutionGuid = {FC98887A-8384-4BC2-8FB8-6F06CD64ECB6}
	EndGlobalSection
EndGlobal
