
Microsoft Visual Studio Solution File, Format Version 12.00
# Visual Studio Version 17
VisualStudioVersion = 17.5.33516.290
MinimumVisualStudioVersion = 10.0.40219.1
Project("{FAE04EC0-301F-11D3-BF4B-00C04F79EFBC}") = "UT5E03_Julio_F", "UT5E03_Julio_F\UT5E03_Julio_F.csproj", "{2255205C-2B73-4E67-AAAE-AF5EDC2ADF2E}"
EndProject
Global
	GlobalSection(SolutionConfigurationPlatforms) = preSolution
		Debug|Any CPU = Debug|Any CPU
		Release|Any CPU = Release|Any CPU
	EndGlobalSection
	GlobalSection(ProjectConfigurationPlatforms) = postSolution
		{2255205C-2B73-4E67-AAAE-AF5EDC2ADF2E}.Debug|Any CPU.ActiveCfg = Debug|Any CPU
		{2255205C-2B73-4E67-AAAE-AF5EDC2ADF2E}.Debug|Any CPU.Build.0 = Debug|Any CPU
		{2255205C-2B73-4E67-AAAE-AF5EDC2ADF2E}.Release|Any CPU.ActiveCfg = Release|Any CPU
		{2255205C-2B73-4E67-AAAE-AF5EDC2ADF2E}.Release|Any CPU.Build.0 = Release|Any CPU
	EndGlobalSection
	GlobalSection(SolutionProperties) = preSolution
		HideSolutionNode = FALSE
	EndGlobalSection
	GlobalSection(ExtensibilityGlobals) = postSolution
		SolutionGuid = {B01E9BDE-487C-4466-AD8D-1A672BA536BE}
	EndGlobalSection
EndGlobal
